
Microsoft Visual Studio Solution File, Format Version 12.00
# Visual Studio Version 16
VisualStudioVersion = 16.0.30225.117
MinimumVisualStudioVersion = 10.0.40219.1
Project("{FAE04EC0-301F-11D3-BF4B-00C04F79EFBC}") = "Selenium-App", "Selenium-App\Selenium-App.csproj", "{BE8E2BE2-E794-4DCD-9D45-98F1825A5E46}"
EndProject
Global
	GlobalSection(SolutionConfigurationPlatforms) = preSolution
		Debug|Any CPU = Debug|Any CPU
		Release|Any CPU = Release|Any CPU
	EndGlobalSection
	GlobalSection(ProjectConfigurationPlatforms) = postSolution
		{BE8E2BE2-E794-4DCD-9D45-98F1825A5E46}.Debug|Any CPU.ActiveCfg = Debug|Any CPU
		{BE8E2BE2-E794-4DCD-9D45-98F1825A5E46}.Debug|Any CPU.Build.0 = Debug|Any CPU
		{BE8E2BE2-E794-4DCD-9D45-98F1825A5E46}.Release|Any CPU.ActiveCfg = Release|Any CPU
		{BE8E2BE2-E794-4DCD-9D45-98F1825A5E46}.Release|Any CPU.Build.0 = Release|Any CPU
	EndGlobalSection
	GlobalSection(SolutionProperties) = preSolution
		HideSolutionNode = FALSE
	EndGlobalSection
	GlobalSection(ExtensibilityGlobals) = postSolution
		SolutionGuid = {B0EEA534-3439-4516-9D88-A194D6D15A00}
	EndGlobalSection
EndGlobal
